
Microsoft Visual Studio Solution File, Format Version 12.00
# Visual Studio Version 17
VisualStudioVersion = 17.5.33516.290
MinimumVisualStudioVersion = 10.0.40219.1
Project("{9A19103F-16F7-4668-BE54-9A1E7A4F7556}") = "gpt", "gpt.csproj", "{F7087B18-B881-4D02-AACB-7A86203C7645}"
EndProject
Project("{2150E333-8FDC-42A3-9474-1A3956D46DE8}") = "scripts", "scripts", "{4839EFF5-752F-4DCD-BAED-8C3D58F86FDA}"
	ProjectSection(SolutionItems) = preProject
		release.bat = release.bat
	EndProjectSection
EndProject
Project("{2150E333-8FDC-42A3-9474-1A3956D46DE8}") = "tests", "tests", "{0AB3BF05-4346-4AA6-1389-037BE0695223}"
EndProject
Project("{FAE04EC0-301F-11D3-BF4B-00C04F79EFBC}") = "GptCli.Dnd.Tests", "tests\GptCli.Dnd.Tests\GptCli.Dnd.Tests.csproj", "{B53EB3C7-86EC-43E9-ACD3-F81BCF8AF207}"
EndProject
Project("{FAE04EC0-301F-11D3-BF4B-00C04F79EFBC}") = "GptCli.Tests", "tests\GptCli.Tests\GptCli.Tests.csproj", "{EFFDB14D-EF80-496A-AB22-5DF7F2698689}"
EndProject
Project("{FAE04EC0-301F-11D3-BF4B-00C04F79EFBC}") = "GptCli.Modules.Tests", "tests\GptCli.Modules.Tests\GptCli.Modules.Tests.csproj", "{63EA86A1-9743-4C5F-A8A0-D726F69AE483}"
EndProject
Project("{2150E333-8FDC-42A3-9474-1A3956D46DE8}") = "modules", "modules", "{CA253913-39DE-BFD0-C9A3-4B7EC6FBDF17}"
EndProject
Project("{2150E333-8FDC-42A3-9474-1A3956D46DE8}") = "examples", "examples", "{79124659-F7C8-C3B0-D97F-9CB863BC5762}"
EndProject
Project("{2150E333-8FDC-42A3-9474-1A3956D46DE8}") = "PollModuleExample", "PollModuleExample", "{F3AEE075-491F-4880-4C31-3904391CDFCF}"
EndProject
Project("{FAE04EC0-301F-11D3-BF4B-00C04F79EFBC}") = "PollModuleExample", "modules\examples\PollModuleExample\PollModuleExample\PollModuleExample.csproj", "{A00569D2-BACA-48CF-ACDA-6822FDB2ABD3}"
EndProject
Project("{2150E333-8FDC-42A3-9474-1A3956D46DE8}") = "CasinoModuleExample", "CasinoModuleExample", "{6FFF3CA0-CD74-FAD4-33D1-FD2BAFF80099}"
EndProject
Project("{FAE04EC0-301F-11D3-BF4B-00C04F79EFBC}") = "CasinoModuleExample", "modules\examples\CasinoModuleExample\CasinoModuleExample\CasinoModuleExample.csproj", "{B19DFA72-5ABD-48FE-AEC6-45EA411C54DD}"
EndProject
Project("{2150E333-8FDC-42A3-9474-1A3956D46DE8}") = "PinboardModuleExample", "PinboardModuleExample", "{821D1D4C-64B4-6A89-AC74-B1FB2667609A}"
EndProject
Project("{FAE04EC0-301F-11D3-BF4B-00C04F79EFBC}") = "PinboardModuleExample", "modules\examples\PinboardModuleExample\PinboardModuleExample\PinboardModuleExample.csproj", "{409BF5E6-2442-48BC-90E0-5D742C04F665}"
EndProject
Project("{2150E333-8FDC-42A3-9474-1A3956D46DE8}") = "WelcomeModuleExample", "WelcomeModuleExample", "{F9086CB3-0A55-429E-C518-FF2BA840AEDF}"
EndProject
Project("{FAE04EC0-301F-11D3-BF4B-00C04F79EFBC}") = "WelcomeModuleExample", "modules\examples\WelcomeModuleExample\WelcomeModuleExample\WelcomeModuleExample.csproj", "{5425D3CB-1C55-4857-B893-508FD2B63EBF}"
EndProject
Project("{2150E333-8FDC-42A3-9474-1A3956D46DE8}") = "DndModuleExample", "DndModuleExample", "{F7C6CDD9-AB49-56D0-126A-12351E66EE10}"
EndProject
Project("{FAE04EC0-301F-11D3-BF4B-00C04F79EFBC}") = "DndModuleExample", "modules\examples\DndModuleExample\DndModuleExample\DndModuleExample.csproj", "{1F9DA6F3-7534-4B39-BB85-02BAB23B9D8D}"
EndProject
Global
	GlobalSection(SolutionConfigurationPlatforms) = preSolution
		Debug|Any CPU = Debug|Any CPU
		Debug|x64 = Debug|x64
		Debug|x86 = Debug|x86
		Release|Any CPU = Release|Any CPU
		Release|x64 = Release|x64
		Release|x86 = Release|x86
	EndGlobalSection
	GlobalSection(ProjectConfigurationPlatforms) = postSolution
		{F7087B18-B881-4D02-AACB-7A86203C7645}.Debug|Any CPU.ActiveCfg = Debug|Any CPU
		{F7087B18-B881-4D02-AACB-7A86203C7645}.Debug|Any CPU.Build.0 = Debug|Any CPU
		{F7087B18-B881-4D02-AACB-7A86203C7645}.Debug|x64.ActiveCfg = Debug|Any CPU
		{F7087B18-B881-4D02-AACB-7A86203C7645}.Debug|x64.Build.0 = Debug|Any CPU
		{F7087B18-B881-4D02-AACB-7A86203C7645}.Debug|x86.ActiveCfg = Debug|Any CPU
		{F7087B18-B881-4D02-AACB-7A86203C7645}.Debug|x86.Build.0 = Debug|Any CPU
		{F7087B18-B881-4D02-AACB-7A86203C7645}.Release|Any CPU.ActiveCfg = Release|Any CPU
		{F7087B18-B881-4D02-AACB-7A86203C7645}.Release|Any CPU.Build.0 = Release|Any CPU
		{F7087B18-B881-4D02-AACB-7A86203C7645}.Release|x64.ActiveCfg = Release|Any CPU
		{F7087B18-B881-4D02-AACB-7A86203C7645}.Release|x64.Build.0 = Release|Any CPU
		{F7087B18-B881-4D02-AACB-7A86203C7645}.Release|x86.ActiveCfg = Release|Any CPU
		{F7087B18-B881-4D02-AACB-7A86203C7645}.Release|x86.Build.0 = Release|Any CPU
		{B53EB3C7-86EC-43E9-ACD3-F81BCF8AF207}.Debug|Any CPU.ActiveCfg = Debug|Any CPU
		{B53EB3C7-86EC-43E9-ACD3-F81BCF8AF207}.Debug|Any CPU.Build.0 = Debug|Any CPU
		{B53EB3C7-86EC-43E9-ACD3-F81BCF8AF207}.Debug|x64.ActiveCfg = Debug|Any CPU
		{B53EB3C7-86EC-43E9-ACD3-F81BCF8AF207}.Debug|x64.Build.0 = Debug|Any CPU
		{B53EB3C7-86EC-43E9-ACD3-F81BCF8AF207}.Debug|x86.ActiveCfg = Debug|Any CPU
		{B53EB3C7-86EC-43E9-ACD3-F81BCF8AF207}.Debug|x86.Build.0 = Debug|Any CPU
		{B53EB3C7-86EC-43E9-ACD3-F81BCF8AF207}.Release|Any CPU.ActiveCfg = Release|Any CPU
		{B53EB3C7-86EC-43E9-ACD3-F81BCF8AF207}.Release|Any CPU.Build.0 = Release|Any CPU
		{B53EB3C7-86EC-43E9-ACD3-F81BCF8AF207}.Release|x64.ActiveCfg = Release|Any CPU
		{B53EB3C7-86EC-43E9-ACD3-F81BCF8AF207}.Release|x64.Build.0 = Release|Any CPU
		{B53EB3C7-86EC-43E9-ACD3-F81BCF8AF207}.Release|x86.ActiveCfg = Release|Any CPU
		{B53EB3C7-86EC-43E9-ACD3-F81BCF8AF207}.Release|x86.Build.0 = Release|Any CPU
		{EFFDB14D-EF80-496A-AB22-5DF7F2698689}.Debug|Any CPU.ActiveCfg = Debug|Any CPU
		{EFFDB14D-EF80-496A-AB22-5DF7F2698689}.Debug|Any CPU.Build.0 = Debug|Any CPU
		{EFFDB14D-EF80-496A-AB22-5DF7F2698689}.Debug|x64.ActiveCfg = Debug|Any CPU
		{EFFDB14D-EF80-496A-AB22-5DF7F2698689}.Debug|x64.Build.0 = Debug|Any CPU
		{EFFDB14D-EF80-496A-AB22-5DF7F2698689}.Debug|x86.ActiveCfg = Debug|Any CPU
		{EFFDB14D-EF80-496A-AB22-5DF7F2698689}.Debug|x86.Build.0 = Debug|Any CPU
		{EFFDB14D-EF80-496A-AB22-5DF7F2698689}.Release|Any CPU.ActiveCfg = Release|Any CPU
		{EFFDB14D-EF80-496A-AB22-5DF7F2698689}.Release|Any CPU.Build.0 = Release|Any CPU
		{EFFDB14D-EF80-496A-AB22-5DF7F2698689}.Release|x64.ActiveCfg = Release|Any CPU
		{EFFDB14D-EF80-496A-AB22-5DF7F2698689}.Release|x64.Build.0 = Release|Any CPU
		{EFFDB14D-EF80-496A-AB22-5DF7F2698689}.Release|x86.ActiveCfg = Release|Any CPU
		{EFFDB14D-EF80-496A-AB22-5DF7F2698689}.Release|x86.Build.0 = Release|Any CPU
		{63EA86A1-9743-4C5F-A8A0-D726F69AE483}.Debug|Any CPU.ActiveCfg = Debug|Any CPU
		{63EA86A1-9743-4C5F-A8A0-D726F69AE483}.Debug|Any CPU.Build.0 = Debug|Any CPU
		{63EA86A1-9743-4C5F-A8A0-D726F69AE483}.Debug|x64.ActiveCfg = Debug|Any CPU
		{63EA86A1-9743-4C5F-A8A0-D726F69AE483}.Debug|x64.Build.0 = Debug|Any CPU
		{63EA86A1-9743-4C5F-A8A0-D726F69AE483}.Debug|x86.ActiveCfg = Debug|Any CPU
		{63EA86A1-9743-4C5F-A8A0-D726F69AE483}.Debug|x86.Build.0 = Debug|Any CPU
		{63EA86A1-9743-4C5F-A8A0-D726F69AE483}.Release|Any CPU.ActiveCfg = Release|Any CPU
		{63EA86A1-9743-4C5F-A8A0-D726F69AE483}.Release|Any CPU.Build.0 = Release|Any CPU
		{63EA86A1-9743-4C5F-A8A0-D726F69AE483}.Release|x64.ActiveCfg = Release|Any CPU
		{63EA86A1-9743-4C5F-A8A0-D726F69AE483}.Release|x64.Build.0 = Release|Any CPU
		{63EA86A1-9743-4C5F-A8A0-D726F69AE483}.Release|x86.ActiveCfg = Release|Any CPU
		{63EA86A1-9743-4C5F-A8A0-D726F69AE483}.Release|x86.Build.0 = Release|Any CPU
		{A00569D2-BACA-48CF-ACDA-6822FDB2ABD3}.Debug|Any CPU.ActiveCfg = Debug|Any CPU
		{A00569D2-BACA-48CF-ACDA-6822FDB2ABD3}.Debug|Any CPU.Build.0 = Debug|Any CPU
		{A00569D2-BACA-48CF-ACDA-6822FDB2ABD3}.Debug|x64.ActiveCfg = Debug|Any CPU
		{A00569D2-BACA-48CF-ACDA-6822FDB2ABD3}.Debug|x64.Build.0 = Debug|Any CPU
		{A00569D2-BACA-48CF-ACDA-6822FDB2ABD3}.Debug|x86.ActiveCfg = Debug|Any CPU
		{A00569D2-BACA-48CF-ACDA-6822FDB2ABD3}.Debug|x86.Build.0 = Debug|Any CPU
		{A00569D2-BACA-48CF-ACDA-6822FDB2ABD3}.Release|Any CPU.ActiveCfg = Release|Any CPU
		{A00569D2-BACA-48CF-ACDA-6822FDB2ABD3}.Release|Any CPU.Build.0 = Release|Any CPU
		{A00569D2-BACA-48CF-ACDA-6822FDB2ABD3}.Release|x64.ActiveCfg = Release|Any CPU
		{A00569D2-BACA-48CF-ACDA-6822FDB2ABD3}.Release|x64.Build.0 = Release|Any CPU
		{A00569D2-BACA-48CF-ACDA-6822FDB2ABD3}.Release|x86.ActiveCfg = Release|Any CPU
		{A00569D2-BACA-48CF-ACDA-6822FDB2ABD3}.Release|x86.Build.0 = Release|Any CPU
		{B19DFA72-5ABD-48FE-AEC6-45EA411C54DD}.Debug|Any CPU.ActiveCfg = Debug|Any CPU
		{B19DFA72-5ABD-48FE-AEC6-45EA411C54DD}.Debug|Any CPU.Build.0 = Debug|Any CPU
		{B19DFA72-5ABD-48FE-AEC6-45EA411C54DD}.Debug|x64.ActiveCfg = Debug|Any CPU
		{B19DFA72-5ABD-48FE-AEC6-45EA411C54DD}.Debug|x64.Build.0 = Debug|Any CPU
		{B19DFA72-5ABD-48FE-AEC6-45EA411C54DD}.Debug|x86.ActiveCfg = Debug|Any CPU
		{B19DFA72-5ABD-48FE-AEC6-45EA411C54DD}.Debug|x86.Build.0 = Debug|Any CPU
		{B19DFA72-5ABD-48FE-AEC6-45EA411C54DD}.Release|Any CPU.ActiveCfg = Release|Any CPU
		{B19DFA72-5ABD-48FE-AEC6-45EA411C54DD}.Release|Any CPU.Build.0 = Release|Any CPU
		{B19DFA72-5ABD-48FE-AEC6-45EA411C54DD}.Release|x64.ActiveCfg = Release|Any CPU
		{B19DFA72-5ABD-48FE-AEC6-45EA411C54DD}.Release|x64.Build.0 = Release|Any CPU
		{B19DFA72-5ABD-48FE-AEC6-45EA411C54DD}.Release|x86.ActiveCfg = Release|Any CPU
		{B19DFA72-5ABD-48FE-AEC6-45EA411C54DD}.Release|x86.Build.0 = Release|Any CPU
		{409BF5E6-2442-48BC-90E0-5D742C04F665}.Debug|Any CPU.ActiveCfg = Debug|Any CPU
		{409BF5E6-2442-48BC-90E0-5D742C04F665}.Debug|Any CPU.Build.0 = Debug|Any CPU
		{409BF5E6-2442-48BC-90E0-5D742C04F665}.Debug|x64.ActiveCfg = Debug|Any CPU
		{409BF5E6-2442-48BC-90E0-5D742C04F665}.Debug|x64.Build.0 = Debug|Any CPU
		{409BF5E6-2442-48BC-90E0-5D742C04F665}.Debug|x86.ActiveCfg = Debug|Any CPU
		{409BF5E6-2442-48BC-90E0-5D742C04F665}.Debug|x86.Build.0 = Debug|Any CPU
		{409BF5E6-2442-48BC-90E0-5D742C04F665}.Release|Any CPU.ActiveCfg = Release|Any CPU
		{409BF5E6-2442-48BC-90E0-5D742C04F665}.Release|Any CPU.Build.0 = Release|Any CPU
		{409BF5E6-2442-48BC-90E0-5D742C04F665}.Release|x64.ActiveCfg = Release|Any CPU
		{409BF5E6-2442-48BC-90E0-5D742C04F665}.Release|x64.Build.0 = Release|Any CPU
		{409BF5E6-2442-48BC-90E0-5D742C04F665}.Release|x86.ActiveCfg = Release|Any CPU
		{409BF5E6-2442-48BC-90E0-5D742C04F665}.Release|x86.Build.0 = Release|Any CPU
		{5425D3CB-1C55-4857-B893-508FD2B63EBF}.Debug|Any CPU.ActiveCfg = Debug|Any CPU
		{5425D3CB-1C55-4857-B893-508FD2B63EBF}.Debug|Any CPU.Build.0 = Debug|Any CPU
		{5425D3CB-1C55-4857-B893-508FD2B63EBF}.Debug|x64.ActiveCfg = Debug|Any CPU
		{5425D3CB-1C55-4857-B893-508FD2B63EBF}.Debug|x64.Build.0 = Debug|Any CPU
		{5425D3CB-1C55-4857-B893-508FD2B63EBF}.Debug|x86.ActiveCfg = Debug|Any CPU
		{5425D3CB-1C55-4857-B893-508FD2B63EBF}.Debug|x86.Build.0 = Debug|Any CPU
		{5425D3CB-1C55-4857-B893-508FD2B63EBF}.Release|Any CPU.ActiveCfg = Release|Any CPU
		{5425D3CB-1C55-4857-B893-508FD2B63EBF}.Release|Any CPU.Build.0 = Release|Any CPU
		{5425D3CB-1C55-4857-B893-508FD2B63EBF}.Release|x64.ActiveCfg = Release|Any CPU
		{5425D3CB-1C55-4857-B893-508FD2B63EBF}.Release|x64.Build.0 = Release|Any CPU
		{5425D3CB-1C55-4857-B893-508FD2B63EBF}.Release|x86.ActiveCfg = Release|Any CPU
		{5425D3CB-1C55-4857-B893-508FD2B63EBF}.Release|x86.Build.0 = Release|Any CPU
		{1F9DA6F3-7534-4B39-BB85-02BAB23B9D8D}.Debug|Any CPU.ActiveCfg = Debug|Any CPU
		{1F9DA6F3-7534-4B39-BB85-02BAB23B9D8D}.Debug|Any CPU.Build.0 = Debug|Any CPU
		{1F9DA6F3-7534-4B39-BB85-02BAB23B9D8D}.Debug|x64.ActiveCfg = Debug|Any CPU
		{1F9DA6F3-7534-4B39-BB85-02BAB23B9D8D}.Debug|x64.Build.0 = Debug|Any CPU
		{1F9DA6F3-7534-4B39-BB85-02BAB23B9D8D}.Debug|x86.ActiveCfg = Debug|Any CPU
		{1F9DA6F3-7534-4B39-BB85-02BAB23B9D8D}.Debug|x86.Build.0 = Debug|Any CPU
		{1F9DA6F3-7534-4B39-BB85-02BAB23B9D8D}.Release|Any CPU.ActiveCfg = Release|Any CPU
		{1F9DA6F3-7534-4B39-BB85-02BAB23B9D8D}.Release|Any CPU.Build.0 = Release|Any CPU
		{1F9DA6F3-7534-4B39-BB85-02BAB23B9D8D}.Release|x64.ActiveCfg = Release|Any CPU
		{1F9DA6F3-7534-4B39-BB85-02BAB23B9D8D}.Release|x64.Build.0 = Release|Any CPU
		{1F9DA6F3-7534-4B39-BB85-02BAB23B9D8D}.Release|x86.ActiveCfg = Release|Any CPU
		{1F9DA6F3-7534-4B39-BB85-02BAB23B9D8D}.Release|x86.Build.0 = Release|Any CPU
	EndGlobalSection
	GlobalSection(SolutionProperties) = preSolution
		HideSolutionNode = FALSE
	EndGlobalSection
	GlobalSection(NestedProjects) = preSolution
		{B53EB3C7-86EC-43E9-ACD3-F81BCF8AF207} = {0AB3BF05-4346-4AA6-1389-037BE0695223}
		{EFFDB14D-EF80-496A-AB22-5DF7F2698689} = {0AB3BF05-4346-4AA6-1389-037BE0695223}
		{63EA86A1-9743-4C5F-A8A0-D726F69AE483} = {0AB3BF05-4346-4AA6-1389-037BE0695223}
		{79124659-F7C8-C3B0-D97F-9CB863BC5762} = {CA253913-39DE-BFD0-C9A3-4B7EC6FBDF17}
		{F3AEE075-491F-4880-4C31-3904391CDFCF} = {79124659-F7C8-C3B0-D97F-9CB863BC5762}
		{A00569D2-BACA-48CF-ACDA-6822FDB2ABD3} = {F3AEE075-491F-4880-4C31-3904391CDFCF}
		{6FFF3CA0-CD74-FAD4-33D1-FD2BAFF80099} = {79124659-F7C8-C3B0-D97F-9CB863BC5762}
		{B19DFA72-5ABD-48FE-AEC6-45EA411C54DD} = {6FFF3CA0-CD74-FAD4-33D1-FD2BAFF80099}
		{821D1D4C-64B4-6A89-AC74-B1FB2667609A} = {79124659-F7C8-C3B0-D97F-9CB863BC5762}
		{409BF5E6-2442-48BC-90E0-5D742C04F665} = {821D1D4C-64B4-6A89-AC74-B1FB2667609A}
		{F9086CB3-0A55-429E-C518-FF2BA840AEDF} = {79124659-F7C8-C3B0-D97F-9CB863BC5762}
		{5425D3CB-1C55-4857-B893-508FD2B63EBF} = {F9086CB3-0A55-429E-C518-FF2BA840AEDF}
		{F7C6CDD9-AB49-56D0-126A-12351E66EE10} = {79124659-F7C8-C3B0-D97F-9CB863BC5762}
		{1F9DA6F3-7534-4B39-BB85-02BAB23B9D8D} = {F7C6CDD9-AB49-56D0-126A-12351E66EE10}
	EndGlobalSection
	GlobalSection(ExtensibilityGlobals) = postSolution
		SolutionGuid = {4612047E-DCF1-4B33-9B33-FB3619240355}
	EndGlobalSection
EndGlobal
