
Microsoft Visual Studio Solution File, Format Version 12.00
# Visual Studio Version 17
VisualStudioVersion = 17.5.33516.290
MinimumVisualStudioVersion = 10.0.40219.1
Project("{FAE04EC0-301F-11D3-BF4B-00C04F79EFBC}") = "GPT-CLI", "GPT-CLI.csproj", "{F7087B18-B881-4D02-AACB-7A86203C7645}"
EndProject
Global
	GlobalSection(SolutionConfigurationPlatforms) = preSolution
		Debug|Any CPU = Debug|Any CPU
		Release|Any CPU = Release|Any CPU
	EndGlobalSection
	GlobalSection(ProjectConfigurationPlatforms) = postSolution
		{F7087B18-B881-4D02-AACB-7A86203C7645}.Debug|Any CPU.ActiveCfg = Debug|Any CPU
		{F7087B18-B881-4D02-AACB-7A86203C7645}.Debug|Any CPU.Build.0 = Debug|Any CPU
		{F7087B18-B881-4D02-AACB-7A86203C7645}.Release|Any CPU.ActiveCfg = Release|Any CPU
		{F7087B18-B881-4D02-AACB-7A86203C7645}.Release|Any CPU.Build.0 = Release|Any CPU
	EndGlobalSection
	GlobalSection(SolutionProperties) = preSolution
		HideSolutionNode = FALSE
	EndGlobalSection
	GlobalSection(ExtensibilityGlobals) = postSolution
		SolutionGuid = {4612047E-DCF1-4B33-9B33-FB3619240355}
	EndGlobalSection
EndGlobal
